// !$*UTF8*$!
{
	archiveVersion = 1;
	classes = {
	};
	objectVersion = 52;
	objects = {

/* Begin PBXBuildFile section */
		566C9B4860AB145FD667428C /* Pods_civic.framework in Frameworks */ = {isa = PBXBuildFile; fileRef = 12E66AA4985CB01A50D8322F /* Pods_civic.framework */; };
		6373EEFD2395A6BD00A06C69 /* AppDelegate.swift in Sources */ = {isa = PBXBuildFile; fileRef = 6373EEFC2395A6BD00A06C69 /* AppDelegate.swift */; };
		6373EEFF2395A6BD00A06C69 /* SceneDelegate.swift in Sources */ = {isa = PBXBuildFile; fileRef = 6373EEFE2395A6BD00A06C69 /* SceneDelegate.swift */; };
		6373EF012395A6BD00A06C69 /* ViewController.swift in Sources */ = {isa = PBXBuildFile; fileRef = 6373EF002395A6BD00A06C69 /* ViewController.swift */; };
		6373EF042395A6BD00A06C69 /* Main.storyboard in Resources */ = {isa = PBXBuildFile; fileRef = 6373EF022395A6BD00A06C69 /* Main.storyboard */; };
		6373EF062395A6C100A06C69 /* Assets.xcassets in Resources */ = {isa = PBXBuildFile; fileRef = 6373EF052395A6C100A06C69 /* Assets.xcassets */; };
		6373EF092395A6C100A06C69 /* LaunchScreen.storyboard in Resources */ = {isa = PBXBuildFile; fileRef = 6373EF072395A6C100A06C69 /* LaunchScreen.storyboard */; };
		63B025A32395B2270023A0E6 /* FacebookCore in Frameworks */ = {isa = PBXBuildFile; productRef = 63B025A22395B2270023A0E6 /* FacebookCore */; };
		63B025A52395B2270023A0E6 /* FacebookLogin in Frameworks */ = {isa = PBXBuildFile; productRef = 63B025A42395B2270023A0E6 /* FacebookLogin */; };
		63B025A72395B2270023A0E6 /* FacebookShare in Frameworks */ = {isa = PBXBuildFile; productRef = 63B025A62395B2270023A0E6 /* FacebookShare */; };
		63B025A9239D72080023A0E6 /* CivicRegistrationViewController.swift in Sources */ = {isa = PBXBuildFile; fileRef = 63B025A8239D72080023A0E6 /* CivicRegistrationViewController.swift */; };
		63B025AB239EC7520023A0E6 /* CivicLoginViewController.swift in Sources */ = {isa = PBXBuildFile; fileRef = 63B025AA239EC7520023A0E6 /* CivicLoginViewController.swift */; };
/* End PBXBuildFile section */

/* Begin PBXFileReference section */
		12E66AA4985CB01A50D8322F /* Pods_civic.framework */ = {isa = PBXFileReference; explicitFileType = wrapper.framework; includeInIndex = 0; path = Pods_civic.framework; sourceTree = BUILT_PRODUCTS_DIR; };
		6373EEF92395A6BD00A06C69 /* civic.app */ = {isa = PBXFileReference; explicitFileType = wrapper.application; includeInIndex = 0; path = civic.app; sourceTree = BUILT_PRODUCTS_DIR; };
		6373EEFC2395A6BD00A06C69 /* AppDelegate.swift */ = {isa = PBXFileReference; lastKnownFileType = sourcecode.swift; path = AppDelegate.swift; sourceTree = "<group>"; };
		6373EEFE2395A6BD00A06C69 /* SceneDelegate.swift */ = {isa = PBXFileReference; lastKnownFileType = sourcecode.swift; path = SceneDelegate.swift; sourceTree = "<group>"; };
		6373EF002395A6BD00A06C69 /* ViewController.swift */ = {isa = PBXFileReference; lastKnownFileType = sourcecode.swift; path = ViewController.swift; sourceTree = "<group>"; };
		6373EF032395A6BD00A06C69 /* Base */ = {isa = PBXFileReference; lastKnownFileType = file.storyboard; name = Base; path = Base.lproj/Main.storyboard; sourceTree = "<group>"; };
		6373EF052395A6C100A06C69 /* Assets.xcassets */ = {isa = PBXFileReference; lastKnownFileType = folder.assetcatalog; path = Assets.xcassets; sourceTree = "<group>"; };
		6373EF082395A6C100A06C69 /* Base */ = {isa = PBXFileReference; lastKnownFileType = file.storyboard; name = Base; path = Base.lproj/LaunchScreen.storyboard; sourceTree = "<group>"; };
		6373EF0A2395A6C100A06C69 /* Info.plist */ = {isa = PBXFileReference; lastKnownFileType = text.plist.xml; path = Info.plist; sourceTree = "<group>"; };
		63B025A8239D72080023A0E6 /* CivicRegistrationViewController.swift */ = {isa = PBXFileReference; lastKnownFileType = sourcecode.swift; path = CivicRegistrationViewController.swift; sourceTree = "<group>"; };
		63B025AA239EC7520023A0E6 /* CivicLoginViewController.swift */ = {isa = PBXFileReference; lastKnownFileType = sourcecode.swift; path = CivicLoginViewController.swift; sourceTree = "<group>"; };
		734AC3B1B8B704EE3456E855 /* Pods-civic.debug.xcconfig */ = {isa = PBXFileReference; includeInIndex = 1; lastKnownFileType = text.xcconfig; name = "Pods-civic.debug.xcconfig"; path = "Target Support Files/Pods-civic/Pods-civic.debug.xcconfig"; sourceTree = "<group>"; };
		CA631DA979425FD1B8A412D1 /* Pods-civic.release.xcconfig */ = {isa = PBXFileReference; includeInIndex = 1; lastKnownFileType = text.xcconfig; name = "Pods-civic.release.xcconfig"; path = "Target Support Files/Pods-civic/Pods-civic.release.xcconfig"; sourceTree = "<group>"; };
/* End PBXFileReference section */

/* Begin PBXFrameworksBuildPhase section */
		6373EEF62395A6BD00A06C69 /* Frameworks */ = {
			isa = PBXFrameworksBuildPhase;
			buildActionMask = 2147483647;
			files = (
				566C9B4860AB145FD667428C /* Pods_civic.framework in Frameworks */,
				63B025A32395B2270023A0E6 /* FacebookCore in Frameworks */,
				63B025A72395B2270023A0E6 /* FacebookShare in Frameworks */,
				63B025A52395B2270023A0E6 /* FacebookLogin in Frameworks */,
			);
			runOnlyForDeploymentPostprocessing = 0;
		};
/* End PBXFrameworksBuildPhase section */

/* Begin PBXGroup section */
		5B2C4AAE30CC555DF18BF15F /* Frameworks */ = {
			isa = PBXGroup;
			children = (
				12E66AA4985CB01A50D8322F /* Pods_civic.framework */,
			);
			name = Frameworks;
			sourceTree = "<group>";
		};
		6373EEF02395A6BD00A06C69 = {
			isa = PBXGroup;
			children = (
				6373EEFB2395A6BD00A06C69 /* civic */,
				6373EEFA2395A6BD00A06C69 /* Products */,
				7F6C4DD45587F469B2DFB8E7 /* Pods */,
				5B2C4AAE30CC555DF18BF15F /* Frameworks */,
			);
			sourceTree = "<group>";
		};
		6373EEFA2395A6BD00A06C69 /* Products */ = {
			isa = PBXGroup;
			children = (
				6373EEF92395A6BD00A06C69 /* civic.app */,
			);
			name = Products;
			sourceTree = "<group>";
		};
		6373EEFB2395A6BD00A06C69 /* civic */ = {
			isa = PBXGroup;
			children = (
				6373EEFC2395A6BD00A06C69 /* AppDelegate.swift */,
				6373EEFE2395A6BD00A06C69 /* SceneDelegate.swift */,
				6373EF002395A6BD00A06C69 /* ViewController.swift */,
				6373EF022395A6BD00A06C69 /* Main.storyboard */,
				6373EF052395A6C100A06C69 /* Assets.xcassets */,
				6373EF072395A6C100A06C69 /* LaunchScreen.storyboard */,
				6373EF0A2395A6C100A06C69 /* Info.plist */,
				63B025A8239D72080023A0E6 /* CivicRegistrationViewController.swift */,
				63B025AA239EC7520023A0E6 /* CivicLoginViewController.swift */,
			);
			path = civic;
			sourceTree = "<group>";
		};
		7F6C4DD45587F469B2DFB8E7 /* Pods */ = {
			isa = PBXGroup;
			children = (
				734AC3B1B8B704EE3456E855 /* Pods-civic.debug.xcconfig */,
				CA631DA979425FD1B8A412D1 /* Pods-civic.release.xcconfig */,
			);
			path = Pods;
			sourceTree = "<group>";
		};
/* End PBXGroup section */

/* Begin PBXNativeTarget section */
		6373EEF82395A6BD00A06C69 /* civic */ = {
			isa = PBXNativeTarget;
			buildConfigurationList = 6373EF0D2395A6C100A06C69 /* Build configuration list for PBXNativeTarget "civic" */;
			buildPhases = (
				A06B21B474DC7D01E95E8D65 /* [CP] Check Pods Manifest.lock */,
				6373EEF52395A6BD00A06C69 /* Sources */,
				6373EEF62395A6BD00A06C69 /* Frameworks */,
				6373EEF72395A6BD00A06C69 /* Resources */,
				5E1063F934BB5F0E13F4181B /* [CP] Embed Pods Frameworks */,
				EC4CEF0FB0F45BCB02A4DFC4 /* [CP] Copy Pods Resources */,
			);
			buildRules = (
			);
			dependencies = (
			);
			name = civic;
			packageProductDependencies = (
				63B025A22395B2270023A0E6 /* FacebookCore */,
				63B025A42395B2270023A0E6 /* FacebookLogin */,
				63B025A62395B2270023A0E6 /* FacebookShare */,
			);
			productName = civic;
			productReference = 6373EEF92395A6BD00A06C69 /* civic.app */;
			productType = "com.apple.product-type.application";
		};
/* End PBXNativeTarget section */

/* Begin PBXProject section */
		6373EEF12395A6BD00A06C69 /* Project object */ = {
			isa = PBXProject;
			attributes = {
				LastSwiftUpdateCheck = 1120;
				LastUpgradeCheck = 1120;
				ORGANIZATIONNAME = David;
				TargetAttributes = {
					6373EEF82395A6BD00A06C69 = {
						CreatedOnToolsVersion = 11.2.1;
					};
				};
			};
			buildConfigurationList = 6373EEF42395A6BD00A06C69 /* Build configuration list for PBXProject "civic" */;
			compatibilityVersion = "Xcode 9.3";
			developmentRegion = en;
			hasScannedForEncodings = 0;
			knownRegions = (
				en,
				Base,
			);
			mainGroup = 6373EEF02395A6BD00A06C69;
			packageReferences = (
				63B025A12395B2270023A0E6 /* XCRemoteSwiftPackageReference "facebook-ios-sdk" */,
			);
			productRefGroup = 6373EEFA2395A6BD00A06C69 /* Products */;
			projectDirPath = "";
			projectRoot = "";
			targets = (
				6373EEF82395A6BD00A06C69 /* civic */,
			);
		};
/* End PBXProject section */

/* Begin PBXResourcesBuildPhase section */
		6373EEF72395A6BD00A06C69 /* Resources */ = {
			isa = PBXResourcesBuildPhase;
			buildActionMask = 2147483647;
			files = (
				6373EF092395A6C100A06C69 /* LaunchScreen.storyboard in Resources */,
				6373EF062395A6C100A06C69 /* Assets.xcassets in Resources */,
				6373EF042395A6BD00A06C69 /* Main.storyboard in Resources */,
			);
			runOnlyForDeploymentPostprocessing = 0;
		};
/* End PBXResourcesBuildPhase section */

/* Begin PBXShellScriptBuildPhase section */
		5E1063F934BB5F0E13F4181B /* [CP] Embed Pods Frameworks */ = {
			isa = PBXShellScriptBuildPhase;
			buildActionMask = 2147483647;
			files = (
			);
			inputFileListPaths = (
				"${PODS_ROOT}/Target Support Files/Pods-civic/Pods-civic-frameworks-${CONFIGURATION}-input-files.xcfilelist",
			);
			name = "[CP] Embed Pods Frameworks";
			outputFileListPaths = (
				"${PODS_ROOT}/Target Support Files/Pods-civic/Pods-civic-frameworks-${CONFIGURATION}-output-files.xcfilelist",
			);
			runOnlyForDeploymentPostprocessing = 0;
			shellPath = /bin/sh;
			shellScript = "\"${PODS_ROOT}/Target Support Files/Pods-civic/Pods-civic-frameworks.sh\"\n";
			showEnvVarsInLog = 0;
		};
		A06B21B474DC7D01E95E8D65 /* [CP] Check Pods Manifest.lock */ = {
			isa = PBXShellScriptBuildPhase;
			buildActionMask = 2147483647;
			files = (
			);
			inputFileListPaths = (
			);
			inputPaths = (
				"${PODS_PODFILE_DIR_PATH}/Podfile.lock",
				"${PODS_ROOT}/Manifest.lock",
			);
			name = "[CP] Check Pods Manifest.lock";
			outputFileListPaths = (
			);
			outputPaths = (
				"$(DERIVED_FILE_DIR)/Pods-civic-checkManifestLockResult.txt",
			);
			runOnlyForDeploymentPostprocessing = 0;
			shellPath = /bin/sh;
			shellScript = "diff \"${PODS_PODFILE_DIR_PATH}/Podfile.lock\" \"${PODS_ROOT}/Manifest.lock\" > /dev/null\nif [ $? != 0 ] ; then\n    # print error to STDERR\n    echo \"error: The sandbox is not in sync with the Podfile.lock. Run 'pod install' or update your CocoaPods installation.\" >&2\n    exit 1\nfi\n# This output is used by Xcode 'outputs' to avoid re-running this script phase.\necho \"SUCCESS\" > \"${SCRIPT_OUTPUT_FILE_0}\"\n";
			showEnvVarsInLog = 0;
		};
		EC4CEF0FB0F45BCB02A4DFC4 /* [CP] Copy Pods Resources */ = {
			isa = PBXShellScriptBuildPhase;
			buildActionMask = 2147483647;
			files = (
			);
			inputFileListPaths = (
				"${PODS_ROOT}/Target Support Files/Pods-civic/Pods-civic-resources-${CONFIGURATION}-input-files.xcfilelist",
			);
			name = "[CP] Copy Pods Resources";
			outputFileListPaths = (
				"${PODS_ROOT}/Target Support Files/Pods-civic/Pods-civic-resources-${CONFIGURATION}-output-files.xcfilelist",
			);
			runOnlyForDeploymentPostprocessing = 0;
			shellPath = /bin/sh;
			shellScript = "\"${PODS_ROOT}/Target Support Files/Pods-civic/Pods-civic-resources.sh\"\n";
			showEnvVarsInLog = 0;
		};
/* End PBXShellScriptBuildPhase section */

/* Begin PBXSourcesBuildPhase section */
		6373EEF52395A6BD00A06C69 /* Sources */ = {
			isa = PBXSourcesBuildPhase;
			buildActionMask = 2147483647;
			files = (
				6373EF012395A6BD00A06C69 /* ViewController.swift in Sources */,
				6373EEFD2395A6BD00A06C69 /* AppDelegate.swift in Sources */,
				63B025A9239D72080023A0E6 /* CivicRegistrationViewController.swift in Sources */,
				63B025AB239EC7520023A0E6 /* CivicLoginViewController.swift in Sources */,
				6373EEFF2395A6BD00A06C69 /* SceneDelegate.swift in Sources */,
			);
			runOnlyForDeploymentPostprocessing = 0;
		};
/* End PBXSourcesBuildPhase section */

/* Begin PBXVariantGroup section */
		6373EF022395A6BD00A06C69 /* Main.storyboard */ = {
			isa = PBXVariantGroup;
			children = (
				6373EF032395A6BD00A06C69 /* Base */,
			);
			name = Main.storyboard;
			sourceTree = "<group>";
		};
		6373EF072395A6C100A06C69 /* LaunchScreen.storyboard */ = {
			isa = PBXVariantGroup;
			children = (
				6373EF082395A6C100A06C69 /* Base */,
			);
			name = LaunchScreen.storyboard;
			sourceTree = "<group>";
		};
/* End PBXVariantGroup section */

/* Begin XCBuildConfiguration section */
		6373EF0B2395A6C100A06C69 /* Debug */ = {
			isa = XCBuildConfiguration;
			buildSettings = {
				ALWAYS_SEARCH_USER_PATHS = NO;
				CLANG_ANALYZER_NONNULL = YES;
				CLANG_ANALYZER_NUMBER_OBJECT_CONVERSION = YES_AGGRESSIVE;
				CLANG_CXX_LANGUAGE_STANDARD = "gnu++14";
				CLANG_CXX_LIBRARY = "libc++";
				CLANG_ENABLE_MODULES = YES;
				CLANG_ENABLE_OBJC_ARC = YES;
				CLANG_ENABLE_OBJC_WEAK = YES;
				CLANG_WARN_BLOCK_CAPTURE_AUTORELEASING = YES;
				CLANG_WARN_BOOL_CONVERSION = YES;
				CLANG_WARN_COMMA = YES;
				CLANG_WARN_CONSTANT_CONVERSION = YES;
				CLANG_WARN_DEPRECATED_OBJC_IMPLEMENTATIONS = YES;
				CLANG_WARN_DIRECT_OBJC_ISA_USAGE = YES_ERROR;
				CLANG_WARN_DOCUMENTATION_COMMENTS = YES;
				CLANG_WARN_EMPTY_BODY = YES;
				CLANG_WARN_ENUM_CONVERSION = YES;
				CLANG_WARN_INFINITE_RECURSION = YES;
				CLANG_WARN_INT_CONVERSION = YES;
				CLANG_WARN_NON_LITERAL_NULL_CONVERSION = YES;
				CLANG_WARN_OBJC_IMPLICIT_RETAIN_SELF = YES;
				CLANG_WARN_OBJC_LITERAL_CONVERSION = YES;
				CLANG_WARN_OBJC_ROOT_CLASS = YES_ERROR;
				CLANG_WARN_RANGE_LOOP_ANALYSIS = YES;
				CLANG_WARN_STRICT_PROTOTYPES = YES;
				CLANG_WARN_SUSPICIOUS_MOVE = YES;
				CLANG_WARN_UNGUARDED_AVAILABILITY = YES_AGGRESSIVE;
				CLANG_WARN_UNREACHABLE_CODE = YES;
				CLANG_WARN__DUPLICATE_METHOD_MATCH = YES;
				COPY_PHASE_STRIP = NO;
				DEBUG_INFORMATION_FORMAT = dwarf;
				ENABLE_STRICT_OBJC_MSGSEND = YES;
				ENABLE_TESTABILITY = YES;
				GCC_C_LANGUAGE_STANDARD = gnu11;
				GCC_DYNAMIC_NO_PIC = NO;
				GCC_NO_COMMON_BLOCKS = YES;
				GCC_OPTIMIZATION_LEVEL = 0;
				GCC_PREPROCESSOR_DEFINITIONS = (
					"DEBUG=1",
					"$(inherited)",
				);
				GCC_WARN_64_TO_32_BIT_CONVERSION = YES;
				GCC_WARN_ABOUT_RETURN_TYPE = YES_ERROR;
				GCC_WARN_UNDECLARED_SELECTOR = YES;
				GCC_WARN_UNINITIALIZED_AUTOS = YES_AGGRESSIVE;
				GCC_WARN_UNUSED_FUNCTION = YES;
				GCC_WARN_UNUSED_VARIABLE = YES;
				IPHONEOS_DEPLOYMENT_TARGET = 13.2;
				MTL_ENABLE_DEBUG_INFO = INCLUDE_SOURCE;
				MTL_FAST_MATH = YES;
				ONLY_ACTIVE_ARCH = YES;
				SDKROOT = iphoneos;
				SWIFT_ACTIVE_COMPILATION_CONDITIONS = DEBUG;
				SWIFT_OPTIMIZATION_LEVEL = "-Onone";
			};
			name = Debug;
		};
		6373EF0C2395A6C100A06C69 /* Release */ = {
			isa = XCBuildConfiguration;
			buildSettings = {
				ALWAYS_SEARCH_USER_PATHS = NO;
				CLANG_ANALYZER_NONNULL = YES;
				CLANG_ANALYZER_NUMBER_OBJECT_CONVERSION = YES_AGGRESSIVE;
				CLANG_CXX_LANGUAGE_STANDARD = "gnu++14";
				CLANG_CXX_LIBRARY = "libc++";
				CLANG_ENABLE_MODULES = YES;
				CLANG_ENABLE_OBJC_ARC = YES;
				CLANG_ENABLE_OBJC_WEAK = YES;
				CLANG_WARN_BLOCK_CAPTURE_AUTORELEASING = YES;
				CLANG_WARN_BOOL_CONVERSION = YES;
				CLANG_WARN_COMMA = YES;
				CLANG_WARN_CONSTANT_CONVERSION = YES;
				CLANG_WARN_DEPRECATED_OBJC_IMPLEMENTATIONS = YES;
				CLANG_WARN_DIRECT_OBJC_ISA_USAGE = YES_ERROR;
				CLANG_WARN_DOCUMENTATION_COMMENTS = YES;
				CLANG_WARN_EMPTY_BODY = YES;
				CLANG_WARN_ENUM_CONVERSION = YES;
				CLANG_WARN_INFINITE_RECURSION = YES;
				CLANG_WARN_INT_CONVERSION = YES;
				CLANG_WARN_NON_LITERAL_NULL_CONVERSION = YES;
				CLANG_WARN_OBJC_IMPLICIT_RETAIN_SELF = YES;
				CLANG_WARN_OBJC_LITERAL_CONVERSION = YES;
				CLANG_WARN_OBJC_ROOT_CLASS = YES_ERROR;
				CLANG_WARN_RANGE_LOOP_ANALYSIS = YES;
				CLANG_WARN_STRICT_PROTOTYPES = YES;
				CLANG_WARN_SUSPICIOUS_MOVE = YES;
				CLANG_WARN_UNGUARDED_AVAILABILITY = YES_AGGRESSIVE;
				CLANG_WARN_UNREACHABLE_CODE = YES;
				CLANG_WARN__DUPLICATE_METHOD_MATCH = YES;
				COPY_PHASE_STRIP = NO;
				DEBUG_INFORMATION_FORMAT = "dwarf-with-dsym";
				ENABLE_NS_ASSERTIONS = NO;
				ENABLE_STRICT_OBJC_MSGSEND = YES;
				GCC_C_LANGUAGE_STANDARD = gnu11;
				GCC_NO_COMMON_BLOCKS = YES;
				GCC_WARN_64_TO_32_BIT_CONVERSION = YES;
				GCC_WARN_ABOUT_RETURN_TYPE = YES_ERROR;
				GCC_WARN_UNDECLARED_SELECTOR = YES;
				GCC_WARN_UNINITIALIZED_AUTOS = YES_AGGRESSIVE;
				GCC_WARN_UNUSED_FUNCTION = YES;
				GCC_WARN_UNUSED_VARIABLE = YES;
				IPHONEOS_DEPLOYMENT_TARGET = 13.2;
				MTL_ENABLE_DEBUG_INFO = NO;
				MTL_FAST_MATH = YES;
				SDKROOT = iphoneos;
				SWIFT_COMPILATION_MODE = wholemodule;
				SWIFT_OPTIMIZATION_LEVEL = "-O";
				VALIDATE_PRODUCT = YES;
			};
			name = Release;
		};
		6373EF0E2395A6C100A06C69 /* Debug */ = {
			isa = XCBuildConfiguration;
			baseConfigurationReference = 734AC3B1B8B704EE3456E855 /* Pods-civic.debug.xcconfig */;
			buildSettings = {
				ASSETCATALOG_COMPILER_APPICON_NAME = AppIcon;
				CODE_SIGN_STYLE = Automatic;
				DEVELOPMENT_TEAM = X7927DMLL8;
				INFOPLIST_FILE = civic/Info.plist;
				LD_RUNPATH_SEARCH_PATHS = (
					"$(inherited)",
					"@executable_path/Frameworks",
				);
				PRODUCT_BUNDLE_IDENTIFIER = com.TouchCut.civic;
				PRODUCT_NAME = "$(TARGET_NAME)";
				SWIFT_VERSION = 5.0;
				TARGETED_DEVICE_FAMILY = "1,2";
			};
			name = Debug;
		};
		6373EF0F2395A6C100A06C69 /* Release */ = {
			isa = XCBuildConfiguration;
			baseConfigurationReference = CA631DA979425FD1B8A412D1 /* Pods-civic.release.xcconfig */;
			buildSettings = {
				ASSETCATALOG_COMPILER_APPICON_NAME = AppIcon;
				CODE_SIGN_STYLE = Automatic;
				DEVELOPMENT_TEAM = X7927DMLL8;
				INFOPLIST_FILE = civic/Info.plist;
				LD_RUNPATH_SEARCH_PATHS = (
					"$(inherited)",
					"@executable_path/Frameworks",
				);
				PRODUCT_BUNDLE_IDENTIFIER = com.TouchCut.civic;
				PRODUCT_NAME = "$(TARGET_NAME)";
				SWIFT_VERSION = 5.0;
				TARGETED_DEVICE_FAMILY = "1,2";
			};
			name = Release;
		};
/* End XCBuildConfiguration section */

/* Begin XCConfigurationList section */
		6373EEF42395A6BD00A06C69 /* Build configuration list for PBXProject "civic" */ = {
			isa = XCConfigurationList;
			buildConfigurations = (
				6373EF0B2395A6C100A06C69 /* Debug */,
				6373EF0C2395A6C100A06C69 /* Release */,
			);
			defaultConfigurationIsVisible = 0;
			defaultConfigurationName = Release;
		};
		6373EF0D2395A6C100A06C69 /* Build configuration list for PBXNativeTarget "civic" */ = {
			isa = XCConfigurationList;
			buildConfigurations = (
				6373EF0E2395A6C100A06C69 /* Debug */,
				6373EF0F2395A6C100A06C69 /* Release */,
			);
			defaultConfigurationIsVisible = 0;
			defaultConfigurationName = Release;
		};
/* End XCConfigurationList section */

/* Begin XCRemoteSwiftPackageReference section */
		63B025A12395B2270023A0E6 /* XCRemoteSwiftPackageReference "facebook-ios-sdk" */ = {
			isa = XCRemoteSwiftPackageReference;
			repositoryURL = "https://github.com/facebook/facebook-ios-sdk";
			requirement = {
				kind = upToNextMajorVersion;
				minimumVersion = 5.11.1;
			};
		};
/* End XCRemoteSwiftPackageReference section */

/* Begin XCSwiftPackageProductDependency section */
		63B025A22395B2270023A0E6 /* FacebookCore */ = {
			isa = XCSwiftPackageProductDependency;
			package = 63B025A12395B2270023A0E6 /* XCRemoteSwiftPackageReference "facebook-ios-sdk" */;
			productName = FacebookCore;
		};
		63B025A42395B2270023A0E6 /* FacebookLogin */ = {
			isa = XCSwiftPackageProductDependency;
			package = 63B025A12395B2270023A0E6 /* XCRemoteSwiftPackageReference "facebook-ios-sdk" */;
			productName = FacebookLogin;
		};
		63B025A62395B2270023A0E6 /* FacebookShare */ = {
			isa = XCSwiftPackageProductDependency;
			package = 63B025A12395B2270023A0E6 /* XCRemoteSwiftPackageReference "facebook-ios-sdk" */;
			productName = FacebookShare;
		};
/* End XCSwiftPackageProductDependency section */
	};
	rootObject = 6373EEF12395A6BD00A06C69 /* Project object */;
}
